github.com/A6terabytenta/Go/matchmaker v0.0.0-20220209031105-bdec1eca740b h1:pnfN7Z050unJNWp6eVqGE0XZDHqgBYLHTmaL7HE9mOw=
github.com/A6terabytenta/Go/matchmaker v0.0.0-20220209031105-bdec1eca740b/go.mod h1:PJApWFDtRMT5paeBeYp9ww6Ws3ZQak517rXDi7FRzPo=
github.com/A6terabytenta/Go/matchmaker v0.0.3 h1:YpbfEwQn35lgVD0i0UhL4nFsyXbsUVsyGasT1k11xSs=
github.com/A6terabytenta/Go/matchmaker v0.0.3/go.mod h1:PJApWFDtRMT5paeBeYp9ww6Ws3ZQak517rXDi7FRzPo=
